
Microsoft Visual Studio Solution File, Format Version 12.00
# Visual Studio Version 17
VisualStudioVersion = 17.5.33516.290
MinimumVisualStudioVersion = 10.0.40219.1
Project("{FAE04EC0-301F-11D3-BF4B-00C04F79EFBC}") = "Desafios", "Desafios.csproj", "{CD05CAA1-F39F-4381-88FB-D30C7DEA7BAA}"
EndProject
Global
	GlobalSection(SolutionConfigurationPlatforms) = preSolution
		Debug|Any CPU = Debug|Any CPU
		Release|Any CPU = Release|Any CPU
	EndGlobalSection
	GlobalSection(ProjectConfigurationPlatforms) = postSolution
		{CD05CAA1-F39F-4381-88FB-D30C7DEA7BAA}.Debug|Any CPU.ActiveCfg = Debug|Any CPU
		{CD05CAA1-F39F-4381-88FB-D30C7DEA7BAA}.Debug|Any CPU.Build.0 = Debug|Any CPU
		{CD05CAA1-F39F-4381-88FB-D30C7DEA7BAA}.Release|Any CPU.ActiveCfg = Release|Any CPU
		{CD05CAA1-F39F-4381-88FB-D30C7DEA7BAA}.Release|Any CPU.Build.0 = Release|Any CPU
	EndGlobalSection
	GlobalSection(SolutionProperties) = preSolution
		HideSolutionNode = FALSE
	EndGlobalSection
	GlobalSection(ExtensibilityGlobals) = postSolution
		SolutionGuid = {85A547E2-D255-4CED-B6E4-2166D1CB4475}
	EndGlobalSection
EndGlobal
